// !$*UTF8*$!
{
	archiveVersion = 1;
	classes = {
	};
	objectVersion = 50;
	objects = {

/* Begin PBXBuildFile section */
		825F661D22D6A7D500F8AD3A /* AppDelegate.swift in Sources */ = {isa = PBXBuildFile; fileRef = 825F661C22D6A7D500F8AD3A /* AppDelegate.swift */; };
		825F662622D6A7DC00F8AD3A /* Assets.xcassets in Resources */ = {isa = PBXBuildFile; fileRef = 825F662522D6A7DC00F8AD3A /* Assets.xcassets */; };
		825F662922D6A7DC00F8AD3A /* LaunchScreen.storyboard in Resources */ = {isa = PBXBuildFile; fileRef = 825F662722D6A7DC00F8AD3A /* LaunchScreen.storyboard */; };
		825F663422D6A7DD00F8AD3A /* ToDoListTests.swift in Sources */ = {isa = PBXBuildFile; fileRef = 825F663322D6A7DD00F8AD3A /* ToDoListTests.swift */; };
		825F663F22D6A7DD00F8AD3A /* ToDoListUITests.swift in Sources */ = {isa = PBXBuildFile; fileRef = 825F663E22D6A7DD00F8AD3A /* ToDoListUITests.swift */; };
		825F669B22D737C000F8AD3A /* UIView.swift in Sources */ = {isa = PBXBuildFile; fileRef = 825F669922D737C000F8AD3A /* UIView.swift */; };
		825F669C22D737C000F8AD3A /* UIViewController.swift in Sources */ = {isa = PBXBuildFile; fileRef = 825F669A22D737C000F8AD3A /* UIViewController.swift */; };
/* End PBXBuildFile section */

/* Begin PBXContainerItemProxy section */
		825F663022D6A7DD00F8AD3A /* PBXContainerItemProxy */ = {
			isa = PBXContainerItemProxy;
			containerPortal = 825F661122D6A7D500F8AD3A /* Project object */;
			proxyType = 1;
			remoteGlobalIDString = 825F661822D6A7D500F8AD3A;
			remoteInfo = ToDoList;
		};
		825F663B22D6A7DD00F8AD3A /* PBXContainerItemProxy */ = {
			isa = PBXContainerItemProxy;
			containerPortal = 825F661122D6A7D500F8AD3A /* Project object */;
			proxyType = 1;
			remoteGlobalIDString = 825F661822D6A7D500F8AD3A;
			remoteInfo = ToDoList;
		};
/* End PBXContainerItemProxy section */

/* Begin PBXFileReference section */
		825F661922D6A7D500F8AD3A /* ToDoList.app */ = {isa = PBXFileReference; explicitFileType = wrapper.application; includeInIndex = 0; path = ToDoList.app; sourceTree = BUILT_PRODUCTS_DIR; };
		825F661C22D6A7D500F8AD3A /* AppDelegate.swift */ = {isa = PBXFileReference; lastKnownFileType = sourcecode.swift; path = AppDelegate.swift; sourceTree = "<group>"; };
		825F662522D6A7DC00F8AD3A /* Assets.xcassets */ = {isa = PBXFileReference; lastKnownFileType = folder.assetcatalog; path = Assets.xcassets; sourceTree = "<group>"; };
		825F662822D6A7DC00F8AD3A /* Base */ = {isa = PBXFileReference; lastKnownFileType = file.storyboard; name = Base; path = Base.lproj/LaunchScreen.storyboard; sourceTree = "<group>"; };
		825F662A22D6A7DC00F8AD3A /* Info.plist */ = {isa = PBXFileReference; lastKnownFileType = text.plist.xml; path = Info.plist; sourceTree = "<group>"; };
		825F662F22D6A7DD00F8AD3A /* ToDoListTests.xctest */ = {isa = PBXFileReference; explicitFileType = wrapper.cfbundle; includeInIndex = 0; path = ToDoListTests.xctest; sourceTree = BUILT_PRODUCTS_DIR; };
		825F663322D6A7DD00F8AD3A /* ToDoListTests.swift */ = {isa = PBXFileReference; lastKnownFileType = sourcecode.swift; path = ToDoListTests.swift; sourceTree = "<group>"; };
		825F663522D6A7DD00F8AD3A /* Info.plist */ = {isa = PBXFileReference; lastKnownFileType = text.plist.xml; path = Info.plist; sourceTree = "<group>"; };
		825F663A22D6A7DD00F8AD3A /* ToDoListUITests.xctest */ = {isa = PBXFileReference; explicitFileType = wrapper.cfbundle; includeInIndex = 0; path = ToDoListUITests.xctest; sourceTree = BUILT_PRODUCTS_DIR; };
		825F663E22D6A7DD00F8AD3A /* ToDoListUITests.swift */ = {isa = PBXFileReference; lastKnownFileType = sourcecode.swift; path = ToDoListUITests.swift; sourceTree = "<group>"; };
		825F664022D6A7DD00F8AD3A /* Info.plist */ = {isa = PBXFileReference; lastKnownFileType = text.plist.xml; path = Info.plist; sourceTree = "<group>"; };
		825F669922D737C000F8AD3A /* UIView.swift */ = {isa = PBXFileReference; fileEncoding = 4; lastKnownFileType = sourcecode.swift; path = UIView.swift; sourceTree = "<group>"; };
		825F669A22D737C000F8AD3A /* UIViewController.swift */ = {isa = PBXFileReference; fileEncoding = 4; lastKnownFileType = sourcecode.swift; path = UIViewController.swift; sourceTree = "<group>"; };
/* End PBXFileReference section */

/* Begin PBXFrameworksBuildPhase section */
		825F661622D6A7D500F8AD3A /* Frameworks */ = {
			isa = PBXFrameworksBuildPhase;
			buildActionMask = 2147483647;
			files = (
			);
			runOnlyForDeploymentPostprocessing = 0;
		};
		825F662C22D6A7DD00F8AD3A /* Frameworks */ = {
			isa = PBXFrameworksBuildPhase;
			buildActionMask = 2147483647;
			files = (
			);
			runOnlyForDeploymentPostprocessing = 0;
		};
		825F663722D6A7DD00F8AD3A /* Frameworks */ = {
			isa = PBXFrameworksBuildPhase;
			buildActionMask = 2147483647;
			files = (
			);
			runOnlyForDeploymentPostprocessing = 0;
		};
/* End PBXFrameworksBuildPhase section */

/* Begin PBXGroup section */
		825F661022D6A7D500F8AD3A = {
			isa = PBXGroup;
			children = (
				825F661B22D6A7D500F8AD3A /* ToDoList */,
				825F663222D6A7DD00F8AD3A /* ToDoListTests */,
				825F663D22D6A7DD00F8AD3A /* ToDoListUITests */,
				825F661A22D6A7D500F8AD3A /* Products */,
			);
			sourceTree = "<group>";
		};
		825F661A22D6A7D500F8AD3A /* Products */ = {
			isa = PBXGroup;
			children = (
				825F661922D6A7D500F8AD3A /* ToDoList.app */,
				825F662F22D6A7DD00F8AD3A /* ToDoListTests.xctest */,
				825F663A22D6A7DD00F8AD3A /* ToDoListUITests.xctest */,
			);
			name = Products;
			sourceTree = "<group>";
		};
		825F661B22D6A7D500F8AD3A /* ToDoList */ = {
			isa = PBXGroup;
			children = (
				825F669822D737C000F8AD3A /* Extension */,
				825F661C22D6A7D500F8AD3A /* AppDelegate.swift */,
				825F662522D6A7DC00F8AD3A /* Assets.xcassets */,
				825F662722D6A7DC00F8AD3A /* LaunchScreen.storyboard */,
				825F662A22D6A7DC00F8AD3A /* Info.plist */,
			);
			path = ToDoList;
			sourceTree = "<group>";
		};
		825F663222D6A7DD00F8AD3A /* ToDoListTests */ = {
			isa = PBXGroup;
			children = (
				825F663322D6A7DD00F8AD3A /* ToDoListTests.swift */,
				825F663522D6A7DD00F8AD3A /* Info.plist */,
			);
			path = ToDoListTests;
			sourceTree = "<group>";
		};
		825F663D22D6A7DD00F8AD3A /* ToDoListUITests */ = {
			isa = PBXGroup;
			children = (
				825F663E22D6A7DD00F8AD3A /* ToDoListUITests.swift */,
				825F664022D6A7DD00F8AD3A /* Info.plist */,
			);
			path = ToDoListUITests;
			sourceTree = "<group>";
		};
		825F669822D737C000F8AD3A /* Extension */ = {
			isa = PBXGroup;
			children = (
				825F669922D737C000F8AD3A /* UIView.swift */,
				825F669A22D737C000F8AD3A /* UIViewController.swift */,
			);
			name = Extension;
			path = ../../Extension;
			sourceTree = "<group>";
		};
/* End PBXGroup section */

/* Begin PBXNativeTarget section */
		825F661822D6A7D500F8AD3A /* ToDoList */ = {
			isa = PBXNativeTarget;
			buildConfigurationList = 825F664322D6A7DD00F8AD3A /* Build configuration list for PBXNativeTarget "ToDoList" */;
			buildPhases = (
				825F661522D6A7D500F8AD3A /* Sources */,
				825F661622D6A7D500F8AD3A /* Frameworks */,
				825F661722D6A7D500F8AD3A /* Resources */,
			);
			buildRules = (
			);
			dependencies = (
			);
			name = ToDoList;
			productName = ToDoList;
			productReference = 825F661922D6A7D500F8AD3A /* ToDoList.app */;
			productType = "com.apple.product-type.application";
		};
		825F662E22D6A7DD00F8AD3A /* ToDoListTests */ = {
			isa = PBXNativeTarget;
			buildConfigurationList = 825F664622D6A7DD00F8AD3A /* Build configuration list for PBXNativeTarget "ToDoListTests" */;
			buildPhases = (
				825F662B22D6A7DD00F8AD3A /* Sources */,
				825F662C22D6A7DD00F8AD3A /* Frameworks */,
				825F662D22D6A7DD00F8AD3A /* Resources */,
			);
			buildRules = (
			);
			dependencies = (
				825F663122D6A7DD00F8AD3A /* PBXTargetDependency */,
			);
			name = ToDoListTests;
			productName = ToDoListTests;
			productReference = 825F662F22D6A7DD00F8AD3A /* ToDoListTests.xctest */;
			productType = "com.apple.product-type.bundle.unit-test";
		};
		825F663922D6A7DD00F8AD3A /* ToDoListUITests */ = {
			isa = PBXNativeTarget;
			buildConfigurationList = 825F664922D6A7DD00F8AD3A /* Build configuration list for PBXNativeTarget "ToDoListUITests" */;
			buildPhases = (
				825F663622D6A7DD00F8AD3A /* Sources */,
				825F663722D6A7DD00F8AD3A /* Frameworks */,
				825F663822D6A7DD00F8AD3A /* Resources */,
			);
			buildRules = (
			);
			dependencies = (
				825F663C22D6A7DD00F8AD3A /* PBXTargetDependency */,
			);
			name = ToDoListUITests;
			productName = ToDoListUITests;
			productReference = 825F663A22D6A7DD00F8AD3A /* ToDoListUITests.xctest */;
			productType = "com.apple.product-type.bundle.ui-testing";
		};
/* End PBXNativeTarget section */

/* Begin PBXProject section */
		825F661122D6A7D500F8AD3A /* Project object */ = {
			isa = PBXProject;
			attributes = {
				LastSwiftUpdateCheck = 1100;
				LastUpgradeCheck = 1100;
				ORGANIZATIONNAME = "陈振";
				TargetAttributes = {
					825F661822D6A7D500F8AD3A = {
						CreatedOnToolsVersion = 11.0;
					};
					825F662E22D6A7DD00F8AD3A = {
						CreatedOnToolsVersion = 11.0;
						TestTargetID = 825F661822D6A7D500F8AD3A;
					};
					825F663922D6A7DD00F8AD3A = {
						CreatedOnToolsVersion = 11.0;
						TestTargetID = 825F661822D6A7D500F8AD3A;
					};
				};
			};
			buildConfigurationList = 825F661422D6A7D500F8AD3A /* Build configuration list for PBXProject "ToDoList" */;
			compatibilityVersion = "Xcode 9.3";
			developmentRegion = en;
			hasScannedForEncodings = 0;
			knownRegions = (
				en,
				Base,
			);
			mainGroup = 825F661022D6A7D500F8AD3A;
			productRefGroup = 825F661A22D6A7D500F8AD3A /* Products */;
			projectDirPath = "";
			projectRoot = "";
			targets = (
				825F661822D6A7D500F8AD3A /* ToDoList */,
				825F662E22D6A7DD00F8AD3A /* ToDoListTests */,
				825F663922D6A7DD00F8AD3A /* ToDoListUITests */,
			);
		};
/* End PBXProject section */

/* Begin PBXResourcesBuildPhase section */
		825F661722D6A7D500F8AD3A /* Resources */ = {
			isa = PBXResourcesBuildPhase;
			buildActionMask = 2147483647;
			files = (
				825F662922D6A7DC00F8AD3A /* LaunchScreen.storyboard in Resources */,
				825F662622D6A7DC00F8AD3A /* Assets.xcassets in Resources */,
			);
			runOnlyForDeploymentPostprocessing = 0;
		};
		825F662D22D6A7DD00F8AD3A /* Resources */ = {
			isa = PBXResourcesBuildPhase;
			buildActionMask = 2147483647;
			files = (
			);
			runOnlyForDeploymentPostprocessing = 0;
		};
		825F663822D6A7DD00F8AD3A /* Resources */ = {
			isa = PBXResourcesBuildPhase;
			buildActionMask = 2147483647;
			files = (
			);
			runOnlyForDeploymentPostprocessing = 0;
		};
/* End PBXResourcesBuildPhase section */

/* Begin PBXSourcesBuildPhase section */
		825F661522D6A7D500F8AD3A /* Sources */ = {
			isa = PBXSourcesBuildPhase;
			buildActionMask = 2147483647;
			files = (
				825F669B22D737C000F8AD3A /* UIView.swift in Sources */,
				825F669C22D737C000F8AD3A /* UIViewController.swift in Sources */,
				825F661D22D6A7D500F8AD3A /* AppDelegate.swift in Sources */,
			);
			runOnlyForDeploymentPostprocessing = 0;
		};
		825F662B22D6A7DD00F8AD3A /* Sources */ = {
			isa = PBXSourcesBuildPhase;
			buildActionMask = 2147483647;
			files = (
				825F663422D6A7DD00F8AD3A /* ToDoListTests.swift in Sources */,
			);
			runOnlyForDeploymentPostprocessing = 0;
		};
		825F663622D6A7DD00F8AD3A /* Sources */ = {
			isa = PBXSourcesBuildPhase;
			buildActionMask = 2147483647;
			files = (
				825F663F22D6A7DD00F8AD3A /* ToDoListUITests.swift in Sources */,
			);
			runOnlyForDeploymentPostprocessing = 0;
		};
/* End PBXSourcesBuildPhase section */

/* Begin PBXTargetDependency section */
		825F663122D6A7DD00F8AD3A /* PBXTargetDependency */ = {
			isa = PBXTargetDependency;
			target = 825F661822D6A7D500F8AD3A /* ToDoList */;
			targetProxy = 825F663022D6A7DD00F8AD3A /* PBXContainerItemProxy */;
		};
		825F663C22D6A7DD00F8AD3A /* PBXTargetDependency */ = {
			isa = PBXTargetDependency;
			target = 825F661822D6A7D500F8AD3A /* ToDoList */;
			targetProxy = 825F663B22D6A7DD00F8AD3A /* PBXContainerItemProxy */;
		};
/* End PBXTargetDependency section */

/* Begin PBXVariantGroup section */
		825F662722D6A7DC00F8AD3A /* LaunchScreen.storyboard */ = {
			isa = PBXVariantGroup;
			children = (
				825F662822D6A7DC00F8AD3A /* Base */,
			);
			name = LaunchScreen.storyboard;
			sourceTree = "<group>";
		};
/* End PBXVariantGroup section */

/* Begin XCBuildConfiguration section */
		825F664122D6A7DD00F8AD3A /* Debug */ = {
			isa = XCBuildConfiguration;
			buildSettings = {
				ALWAYS_SEARCH_USER_PATHS = NO;
				CLANG_ANALYZER_NONNULL = YES;
				CLANG_ANALYZER_NUMBER_OBJECT_CONVERSION = YES_AGGRESSIVE;
				CLANG_CXX_LANGUAGE_STANDARD = "gnu++14";
				CLANG_CXX_LIBRARY = "libc++";
				CLANG_ENABLE_MODULES = YES;
				CLANG_ENABLE_OBJC_ARC = YES;
				CLANG_ENABLE_OBJC_WEAK = YES;
				CLANG_WARN_BLOCK_CAPTURE_AUTORELEASING = YES;
				CLANG_WARN_BOOL_CONVERSION = YES;
				CLANG_WARN_COMMA = YES;
				CLANG_WARN_CONSTANT_CONVERSION = YES;
				CLANG_WARN_DEPRECATED_OBJC_IMPLEMENTATIONS = YES;
				CLANG_WARN_DIRECT_OBJC_ISA_USAGE = YES_ERROR;
				CLANG_WARN_DOCUMENTATION_COMMENTS = YES;
				CLANG_WARN_EMPTY_BODY = YES;
				CLANG_WARN_ENUM_CONVERSION = YES;
				CLANG_WARN_INFINITE_RECURSION = YES;
				CLANG_WARN_INT_CONVERSION = YES;
				CLANG_WARN_NON_LITERAL_NULL_CONVERSION = YES;
				CLANG_WARN_OBJC_IMPLICIT_RETAIN_SELF = YES;
				CLANG_WARN_OBJC_LITERAL_CONVERSION = YES;
				CLANG_WARN_OBJC_ROOT_CLASS = YES_ERROR;
				CLANG_WARN_RANGE_LOOP_ANALYSIS = YES;
				CLANG_WARN_STRICT_PROTOTYPES = YES;
				CLANG_WARN_SUSPICIOUS_MOVE = YES;
				CLANG_WARN_UNGUARDED_AVAILABILITY = YES_AGGRESSIVE;
				CLANG_WARN_UNREACHABLE_CODE = YES;
				CLANG_WARN__DUPLICATE_METHOD_MATCH = YES;
				COPY_PHASE_STRIP = NO;
				DEBUG_INFORMATION_FORMAT = dwarf;
				ENABLE_STRICT_OBJC_MSGSEND = YES;
				ENABLE_TESTABILITY = YES;
				GCC_C_LANGUAGE_STANDARD = gnu11;
				GCC_DYNAMIC_NO_PIC = NO;
				GCC_NO_COMMON_BLOCKS = YES;
				GCC_OPTIMIZATION_LEVEL = 0;
				GCC_PREPROCESSOR_DEFINITIONS = (
					"DEBUG=1",
					"$(inherited)",
				);
				GCC_WARN_64_TO_32_BIT_CONVERSION = YES;
				GCC_WARN_ABOUT_RETURN_TYPE = YES_ERROR;
				GCC_WARN_UNDECLARED_SELECTOR = YES;
				GCC_WARN_UNINITIALIZED_AUTOS = YES_AGGRESSIVE;
				GCC_WARN_UNUSED_FUNCTION = YES;
				GCC_WARN_UNUSED_VARIABLE = YES;
				IPHONEOS_DEPLOYMENT_TARGET = 13.0;
				MTL_ENABLE_DEBUG_INFO = INCLUDE_SOURCE;
				MTL_FAST_MATH = YES;
				ONLY_ACTIVE_ARCH = YES;
				SDKROOT = iphoneos;
				SWIFT_ACTIVE_COMPILATION_CONDITIONS = DEBUG;
				SWIFT_OPTIMIZATION_LEVEL = "-Onone";
			};
			name = Debug;
		};
		825F664222D6A7DD00F8AD3A /* Release */ = {
			isa = XCBuildConfiguration;
			buildSettings = {
				ALWAYS_SEARCH_USER_PATHS = NO;
				CLANG_ANALYZER_NONNULL = YES;
				CLANG_ANALYZER_NUMBER_OBJECT_CONVERSION = YES_AGGRESSIVE;
				CLANG_CXX_LANGUAGE_STANDARD = "gnu++14";
				CLANG_CXX_LIBRARY = "libc++";
				CLANG_ENABLE_MODULES = YES;
				CLANG_ENABLE_OBJC_ARC = YES;
				CLANG_ENABLE_OBJC_WEAK = YES;
				CLANG_WARN_BLOCK_CAPTURE_AUTORELEASING = YES;
				CLANG_WARN_BOOL_CONVERSION = YES;
				CLANG_WARN_COMMA = YES;
				CLANG_WARN_CONSTANT_CONVERSION = YES;
				CLANG_WARN_DEPRECATED_OBJC_IMPLEMENTATIONS = YES;
				CLANG_WARN_DIRECT_OBJC_ISA_USAGE = YES_ERROR;
				CLANG_WARN_DOCUMENTATION_COMMENTS = YES;
				CLANG_WARN_EMPTY_BODY = YES;
				CLANG_WARN_ENUM_CONVERSION = YES;
				CLANG_WARN_INFINITE_RECURSION = YES;
				CLANG_WARN_INT_CONVERSION = YES;
				CLANG_WARN_NON_LITERAL_NULL_CONVERSION = YES;
				CLANG_WARN_OBJC_IMPLICIT_RETAIN_SELF = YES;
				CLANG_WARN_OBJC_LITERAL_CONVERSION = YES;
				CLANG_WARN_OBJC_ROOT_CLASS = YES_ERROR;
				CLANG_WARN_RANGE_LOOP_ANALYSIS = YES;
				CLANG_WARN_STRICT_PROTOTYPES = YES;
				CLANG_WARN_SUSPICIOUS_MOVE = YES;
				CLANG_WARN_UNGUARDED_AVAILABILITY = YES_AGGRESSIVE;
				CLANG_WARN_UNREACHABLE_CODE = YES;
				CLANG_WARN__DUPLICATE_METHOD_MATCH = YES;
				COPY_PHASE_STRIP = NO;
				DEBUG_INFORMATION_FORMAT = "dwarf-with-dsym";
				ENABLE_NS_ASSERTIONS = NO;
				ENABLE_STRICT_OBJC_MSGSEND = YES;
				GCC_C_LANGUAGE_STANDARD = gnu11;
				GCC_NO_COMMON_BLOCKS = YES;
				GCC_WARN_64_TO_32_BIT_CONVERSION = YES;
				GCC_WARN_ABOUT_RETURN_TYPE = YES_ERROR;
				GCC_WARN_UNDECLARED_SELECTOR = YES;
				GCC_WARN_UNINITIALIZED_AUTOS = YES_AGGRESSIVE;
				GCC_WARN_UNUSED_FUNCTION = YES;
				GCC_WARN_UNUSED_VARIABLE = YES;
				IPHONEOS_DEPLOYMENT_TARGET = 13.0;
				MTL_ENABLE_DEBUG_INFO = NO;
				MTL_FAST_MATH = YES;
				SDKROOT = iphoneos;
				SWIFT_COMPILATION_MODE = wholemodule;
				SWIFT_OPTIMIZATION_LEVEL = "-O";
				VALIDATE_PRODUCT = YES;
			};
			name = Release;
		};
		825F664422D6A7DD00F8AD3A /* Debug */ = {
			isa = XCBuildConfiguration;
			buildSettings = {
				ASSETCATALOG_COMPILER_APPICON_NAME = AppIcon;
				CODE_SIGN_STYLE = Automatic;
				INFOPLIST_FILE = ToDoList/Info.plist;
				LD_RUNPATH_SEARCH_PATHS = (
					"$(inherited)",
					"@executable_path/Frameworks",
				);
				PRODUCT_BUNDLE_IDENTIFIER = com.cz.ToDoList;
				PRODUCT_NAME = "$(TARGET_NAME)";
				SWIFT_VERSION = 5.0;
				TARGETED_DEVICE_FAMILY = "1,2";
			};
			name = Debug;
		};
		825F664522D6A7DD00F8AD3A /* Release */ = {
			isa = XCBuildConfiguration;
			buildSettings = {
				ASSETCATALOG_COMPILER_APPICON_NAME = AppIcon;
				CODE_SIGN_STYLE = Automatic;
				INFOPLIST_FILE = ToDoList/Info.plist;
				LD_RUNPATH_SEARCH_PATHS = (
					"$(inherited)",
					"@executable_path/Frameworks",
				);
				PRODUCT_BUNDLE_IDENTIFIER = com.cz.ToDoList;
				PRODUCT_NAME = "$(TARGET_NAME)";
				SWIFT_VERSION = 5.0;
				TARGETED_DEVICE_FAMILY = "1,2";
			};
			name = Release;
		};
		825F664722D6A7DD00F8AD3A /* Debug */ = {
			isa = XCBuildConfiguration;
			buildSettings = {
				ALWAYS_EMBED_SWIFT_STANDARD_LIBRARIES = YES;
				BUNDLE_LOADER = "$(TEST_HOST)";
				CODE_SIGN_STYLE = Automatic;
				INFOPLIST_FILE = ToDoListTests/Info.plist;
				LD_RUNPATH_SEARCH_PATHS = (
					"$(inherited)",
					"@executable_path/Frameworks",
					"@loader_path/Frameworks",
				);
				PRODUCT_BUNDLE_IDENTIFIER = com.cz.ToDoListTests;
				PRODUCT_NAME = "$(TARGET_NAME)";
				SWIFT_VERSION = 5.0;
				TARGETED_DEVICE_FAMILY = "1,2";
				TEST_HOST = "$(BUILT_PRODUCTS_DIR)/ToDoList.app/ToDoList";
			};
			name = Debug;
		};
		825F664822D6A7DD00F8AD3A /* Release */ = {
			isa = XCBuildConfiguration;
			buildSettings = {
				ALWAYS_EMBED_SWIFT_STANDARD_LIBRARIES = YES;
				BUNDLE_LOADER = "$(TEST_HOST)";
				CODE_SIGN_STYLE = Automatic;
				INFOPLIST_FILE = ToDoListTests/Info.plist;
				LD_RUNPATH_SEARCH_PATHS = (
					"$(inherited)",
					"@executable_path/Frameworks",
					"@loader_path/Frameworks",
				);
				PRODUCT_BUNDLE_IDENTIFIER = com.cz.ToDoListTests;
				PRODUCT_NAME = "$(TARGET_NAME)";
				SWIFT_VERSION = 5.0;
				TARGETED_DEVICE_FAMILY = "1,2";
				TEST_HOST = "$(BUILT_PRODUCTS_DIR)/ToDoList.app/ToDoList";
			};
			name = Release;
		};
		825F664A22D6A7DD00F8AD3A /* Debug */ = {
			isa = XCBuildConfiguration;
			buildSettings = {
				ALWAYS_EMBED_SWIFT_STANDARD_LIBRARIES = YES;
				CODE_SIGN_STYLE = Automatic;
				INFOPLIST_FILE = ToDoListUITests/Info.plist;
				LD_RUNPATH_SEARCH_PATHS = (
					"$(inherited)",
					"@executable_path/Frameworks",
					"@loader_path/Frameworks",
				);
				PRODUCT_BUNDLE_IDENTIFIER = com.cz.ToDoListUITests;
				PRODUCT_NAME = "$(TARGET_NAME)";
				SWIFT_VERSION = 5.0;
				TARGETED_DEVICE_FAMILY = "1,2";
				TEST_TARGET_NAME = ToDoList;
			};
			name = Debug;
		};
		825F664B22D6A7DD00F8AD3A /* Release */ = {
			isa = XCBuildConfiguration;
			buildSettings = {
				ALWAYS_EMBED_SWIFT_STANDARD_LIBRARIES = YES;
				CODE_SIGN_STYLE = Automatic;
				INFOPLIST_FILE = ToDoListUITests/Info.plist;
				LD_RUNPATH_SEARCH_PATHS = (
					"$(inherited)",
					"@executable_path/Frameworks",
					"@loader_path/Frameworks",
				);
				PRODUCT_BUNDLE_IDENTIFIER = com.cz.ToDoListUITests;
				PRODUCT_NAME = "$(TARGET_NAME)";
				SWIFT_VERSION = 5.0;
				TARGETED_DEVICE_FAMILY = "1,2";
				TEST_TARGET_NAME = ToDoList;
			};
			name = Release;
		};
/* End XCBuildConfiguration section */

/* Begin XCConfigurationList section */
		825F661422D6A7D500F8AD3A /* Build configuration list for PBXProject "ToDoList" */ = {
			isa = XCConfigurationList;
			buildConfigurations = (
				825F664122D6A7DD00F8AD3A /* Debug */,
				825F664222D6A7DD00F8AD3A /* Release */,
			);
			defaultConfigurationIsVisible = 0;
			defaultConfigurationName = Release;
		};
		825F664322D6A7DD00F8AD3A /* Build configuration list for PBXNativeTarget "ToDoList" */ = {
			isa = XCConfigurationList;
			buildConfigurations = (
				825F664422D6A7DD00F8AD3A /* Debug */,
				825F664522D6A7DD00F8AD3A /* Release */,
			);
			defaultConfigurationIsVisible = 0;
			defaultConfigurationName = Release;
		};
		825F664622D6A7DD00F8AD3A /* Build configuration list for PBXNativeTarget "ToDoListTests" */ = {
			isa = XCConfigurationList;
			buildConfigurations = (
				825F664722D6A7DD00F8AD3A /* Debug */,
				825F664822D6A7DD00F8AD3A /* Release */,
			);
			defaultConfigurationIsVisible = 0;
			defaultConfigurationName = Release;
		};
		825F664922D6A7DD00F8AD3A /* Build configuration list for PBXNativeTarget "ToDoListUITests" */ = {
			isa = XCConfigurationList;
			buildConfigurations = (
				825F664A22D6A7DD00F8AD3A /* Debug */,
				825F664B22D6A7DD00F8AD3A /* Release */,
			);
			defaultConfigurationIsVisible = 0;
			defaultConfigurationName = Release;
		};
/* End XCConfigurationList section */
	};
	rootObject = 825F661122D6A7D500F8AD3A /* Project object */;
}
